
Microsoft Visual Studio Solution File, Format Version 12.00
# Visual Studio 15
VisualStudioVersion = 15.0.27703.2047
MinimumVisualStudioVersion = 10.0.40219.1
Project("{FAE04EC0-301F-11D3-BF4B-00C04F79EFBC}") = "CapstoneWeek8", "CapstoneWeek8\CapstoneWeek8.csproj", "{9F228C74-E8CB-446C-BE9D-4E17F3AF3B0E}"
EndProject
Project("{FAE04EC0-301F-11D3-BF4B-00C04F79EFBC}") = "CapstoneWeek8.Domain", "CapstoneWeek8.Domain\CapstoneWeek8.Domain.csproj", "{CEF49123-6233-4BCF-83C7-92D83D5A9CA2}"
EndProject
Project("{FAE04EC0-301F-11D3-BF4B-00C04F79EFBC}") = "CapstoneWeek8.Data", "CapstoneWeek8.Data\CapstoneWeek8.Data.csproj", "{50072596-0623-4C3F-A358-1BA3C0A6BC13}"
EndProject
Project("{FAE04EC0-301F-11D3-BF4B-00C04F79EFBC}") = "MVC.CapstoneWeek8", "MVC.CapstoneWeek8\MVC.CapstoneWeek8.csproj", "{A92AEFFD-8542-4B9E-AE74-56E02FBEC498}"
EndProject
Global
	GlobalSection(SolutionConfigurationPlatforms) = preSolution
		Debug|Any CPU = Debug|Any CPU
		Release|Any CPU = Release|Any CPU
	EndGlobalSection
	GlobalSection(ProjectConfigurationPlatforms) = postSolution
		{9F228C74-E8CB-446C-BE9D-4E17F3AF3B0E}.Debug|Any CPU.ActiveCfg = Debug|Any CPU
		{9F228C74-E8CB-446C-BE9D-4E17F3AF3B0E}.Debug|Any CPU.Build.0 = Debug|Any CPU
		{9F228C74-E8CB-446C-BE9D-4E17F3AF3B0E}.Release|Any CPU.ActiveCfg = Release|Any CPU
		{9F228C74-E8CB-446C-BE9D-4E17F3AF3B0E}.Release|Any CPU.Build.0 = Release|Any CPU
		{CEF49123-6233-4BCF-83C7-92D83D5A9CA2}.Debug|Any CPU.ActiveCfg = Debug|Any CPU
		{CEF49123-6233-4BCF-83C7-92D83D5A9CA2}.Debug|Any CPU.Build.0 = Debug|Any CPU
		{CEF49123-6233-4BCF-83C7-92D83D5A9CA2}.Release|Any CPU.ActiveCfg = Release|Any CPU
		{CEF49123-6233-4BCF-83C7-92D83D5A9CA2}.Release|Any CPU.Build.0 = Release|Any CPU
		{50072596-0623-4C3F-A358-1BA3C0A6BC13}.Debug|Any CPU.ActiveCfg = Debug|Any CPU
		{50072596-0623-4C3F-A358-1BA3C0A6BC13}.Debug|Any CPU.Build.0 = Debug|Any CPU
		{50072596-0623-4C3F-A358-1BA3C0A6BC13}.Release|Any CPU.ActiveCfg = Release|Any CPU
		{50072596-0623-4C3F-A358-1BA3C0A6BC13}.Release|Any CPU.Build.0 = Release|Any CPU
		{A92AEFFD-8542-4B9E-AE74-56E02FBEC498}.Debug|Any CPU.ActiveCfg = Debug|Any CPU
		{A92AEFFD-8542-4B9E-AE74-56E02FBEC498}.Debug|Any CPU.Build.0 = Debug|Any CPU
		{A92AEFFD-8542-4B9E-AE74-56E02FBEC498}.Release|Any CPU.ActiveCfg = Release|Any CPU
		{A92AEFFD-8542-4B9E-AE74-56E02FBEC498}.Release|Any CPU.Build.0 = Release|Any CPU
	EndGlobalSection
	GlobalSection(SolutionProperties) = preSolution
		HideSolutionNode = FALSE
	EndGlobalSection
	GlobalSection(ExtensibilityGlobals) = postSolution
		SolutionGuid = {E55E9BDD-6070-4B6B-A382-3EC9587F6FEC}
	EndGlobalSection
EndGlobal
